
Microsoft Visual Studio Solution File, Format Version 12.00
# Visual Studio Version 17
VisualStudioVersion = 17.9.34728.123
MinimumVisualStudioVersion = 10.0.40219.1
Project("{9A19103F-16F7-4668-BE54-9A1E7A4F7556}") = "demo", "demo\demo.csproj", "{BA818FFC-4C2E-4B3E-BAC6-2E28F8F74342}"
EndProject
Project("{9A19103F-16F7-4668-BE54-9A1E7A4F7556}") = "SerializationLibrary", "SerializationLibrary\SerializationLibrary.csproj", "{6E785E82-AE43-41A3-A646-85173A2CE027}"
EndProject
Project("{FAE04EC0-301F-11D3-BF4B-00C04F79EFBC}") = "ThemesLibrary", "ThemesLibrary\ThemesLibrary.csproj", "{6F8AAD7C-50C2-4C6C-98A6-8858F42FFFFB}"
EndProject
Global
	GlobalSection(SolutionConfigurationPlatforms) = preSolution
		Debug|Any CPU = Debug|Any CPU
		Release|Any CPU = Release|Any CPU
	EndGlobalSection
	GlobalSection(ProjectConfigurationPlatforms) = postSolution
		{BA818FFC-4C2E-4B3E-BAC6-2E28F8F74342}.Debug|Any CPU.ActiveCfg = Debug|Any CPU
		{BA818FFC-4C2E-4B3E-BAC6-2E28F8F74342}.Debug|Any CPU.Build.0 = Debug|Any CPU
		{BA818FFC-4C2E-4B3E-BAC6-2E28F8F74342}.Release|Any CPU.ActiveCfg = Release|Any CPU
		{BA818FFC-4C2E-4B3E-BAC6-2E28F8F74342}.Release|Any CPU.Build.0 = Release|Any CPU
		{6E785E82-AE43-41A3-A646-85173A2CE027}.Debug|Any CPU.ActiveCfg = Debug|Any CPU
		{6E785E82-AE43-41A3-A646-85173A2CE027}.Debug|Any CPU.Build.0 = Debug|Any CPU
		{6E785E82-AE43-41A3-A646-85173A2CE027}.Release|Any CPU.ActiveCfg = Release|Any CPU
		{6E785E82-AE43-41A3-A646-85173A2CE027}.Release|Any CPU.Build.0 = Release|Any CPU
		{6F8AAD7C-50C2-4C6C-98A6-8858F42FFFFB}.Debug|Any CPU.ActiveCfg = Debug|Any CPU
		{6F8AAD7C-50C2-4C6C-98A6-8858F42FFFFB}.Debug|Any CPU.Build.0 = Debug|Any CPU
		{6F8AAD7C-50C2-4C6C-98A6-8858F42FFFFB}.Release|Any CPU.ActiveCfg = Release|Any CPU
		{6F8AAD7C-50C2-4C6C-98A6-8858F42FFFFB}.Release|Any CPU.Build.0 = Release|Any CPU
	EndGlobalSection
	GlobalSection(SolutionProperties) = preSolution
		HideSolutionNode = FALSE
	EndGlobalSection
	GlobalSection(ExtensibilityGlobals) = postSolution
		SolutionGuid = {C1CB1228-0246-45BA-9BD7-D9F5F4E27EB2}
	EndGlobalSection
EndGlobal
